
Microsoft Visual Studio Solution File, Format Version 12.00
# Visual Studio Version 17
VisualStudioVersion = 17.3.32819.101
MinimumVisualStudioVersion = 10.0.40219.1
Project("{FAE04EC0-301F-11D3-BF4B-00C04F79EFBC}") = "POS-PROYECT", "POS-PROYECT\POS-PROYECT.csproj", "{C54E8634-267B-454C-9061-1CAE1629F037}"
EndProject
Global
	GlobalSection(SolutionConfigurationPlatforms) = preSolution
		Debug|Any CPU = Debug|Any CPU
		Release|Any CPU = Release|Any CPU
	EndGlobalSection
	GlobalSection(ProjectConfigurationPlatforms) = postSolution
		{C54E8634-267B-454C-9061-1CAE1629F037}.Debug|Any CPU.ActiveCfg = Debug|Any CPU
		{C54E8634-267B-454C-9061-1CAE1629F037}.Debug|Any CPU.Build.0 = Debug|Any CPU
		{C54E8634-267B-454C-9061-1CAE1629F037}.Release|Any CPU.ActiveCfg = Release|Any CPU
		{C54E8634-267B-454C-9061-1CAE1629F037}.Release|Any CPU.Build.0 = Release|Any CPU
	EndGlobalSection
	GlobalSection(SolutionProperties) = preSolution
		HideSolutionNode = FALSE
	EndGlobalSection
	GlobalSection(ExtensibilityGlobals) = postSolution
		SolutionGuid = {2E8FFA1A-D745-4411-AF2F-7BDB78FC9132}
	EndGlobalSection
EndGlobal
